<?xml version="1.0" encoding="utf-8"?>
<Project ToolsVersion="4.0" xmlns="http://schemas.microsoft.com/developer/msbuild/2003">
  <ItemGroup>
    <Filter Include="Source Files">
      <UniqueIdentifier>{4FC737F1-C7A5-4376-A066-2A32D752A2FF}</UniqueIdentifier>
      <Extensions>cpp;c;cc;cxx;c++;cppm;ixx;def;odl;idl;hpj;bat;asm;asmx</Extensions>
    </Filter>
    <Filter Include="Header Files">
      <UniqueIdentifier>{93995380-89BD-4b04-88EB-625FBE52EBFB}</UniqueIdentifier>
      <Extensions>h;hh;hpp;hxx;h++;hm;inl;inc;ipp;xsd</Extensions>
    </Filter>
    <Filter Include="Resource Files">
      <UniqueIdentifier>{67DA6AB6-F800-4c08-8B7A-83BB121AAD01}</UniqueIdentifier>
      <Extensions>rc;ico;cur;bmp;dlg;rc2;rct;bin;rgs;gif;jpg;jpeg;jpe;resx;tiff;tif;png;wav;mfcribbon-ms</Extensions>
    </Filter>
    <Filter Include="Source Files\Homeworks">
      <UniqueIdentifier>{3b0436a3-ca2f-4463-aeed-8ca3f43207ef}</UniqueIdentifier>
    </Filter>
    <Filter Include="Source Files\Classworks">
      <UniqueIdentifier>{c04b2727-c1ed-4a0f-9088-43967e3813df}</UniqueIdentifier>
    </Filter>
  </ItemGroup>
  <ItemGroup>
    <ClCompile Include="Homework1-10.cpp">
      <Filter>Source Files\Homeworks</Filter>
    </ClCompile>
    <ClCompile Include="Class15September2026.cpp">
      <Filter>Source Files\Classworks</Filter>
    </ClCompile>
    <ClCompile Include="Home19September2026.cpp">
      <Filter>Source Files\Homeworks</Filter>
    </ClCompile>
    <ClCompile Include="Class19September2026.cpp">
      <Filter>Source Files\Classworks</Filter>
    </ClCompile>
    <ClCompile Include="Home22September2026.cpp">
      <Filter>Source Files\Homeworks</Filter>
    </ClCompile>
    <ClCompile Include="Class22September2026.cpp">
      <Filter>Source Files\Classworks</Filter>
    </ClCompile>
    <ClCompile Include="Class01October2026.cpp">
      <Filter>Source Files\Classworks</Filter>
    </ClCompile>
    <ClCompile Include="Class06October2026.cpp">
      <Filter>Source Files\Classworks</Filter>
    </ClCompile>
    <ClCompile Include="Home09October2026.cpp">
      <Filter>Source Files\Homeworks</Filter>
    </ClCompile>
  </ItemGroup>
</Project>